// !$*UTF8*$!
{
	archiveVersion = 1;
	classes = {
	};
	objectVersion = 46;
	objects = {

/* Begin PBXBuildFile section */
		62D91D5B1EB22181007B2E7C /* main.m in Sources */ = {isa = PBXBuildFile; fileRef = 62D91D5A1EB22181007B2E7C /* main.m */; };
		62D91D5E1EB22181007B2E7C /* AppDelegate.m in Sources */ = {isa = PBXBuildFile; fileRef = 62D91D5D1EB22181007B2E7C /* AppDelegate.m */; };
		62D91D661EB22181007B2E7C /* Assets.xcassets in Resources */ = {isa = PBXBuildFile; fileRef = 62D91D651EB22181007B2E7C /* Assets.xcassets */; };
		62D91D691EB22181007B2E7C /* LaunchScreen.storyboard in Resources */ = {isa = PBXBuildFile; fileRef = 62D91D671EB22181007B2E7C /* LaunchScreen.storyboard */; };
		62D91D731EB22A6A007B2E7C /* TabItem.m in Sources */ = {isa = PBXBuildFile; fileRef = 62D91D721EB22A6A007B2E7C /* TabItem.m */; };
		62D91D751EB22A7E007B2E7C /* TabItem.plist in Resources */ = {isa = PBXBuildFile; fileRef = 62D91D741EB22A7E007B2E7C /* TabItem.plist */; };
		62FA11571EBABA7E0065EA99 /* YYXNavTabController.m in Sources */ = {isa = PBXBuildFile; fileRef = 62FA11561EBABA7E0065EA99 /* YYXNavTabController.m */; };
/* End PBXBuildFile section */

/* Begin PBXFileReference section */
		62D91D561EB22181007B2E7C /* YYXNavTab.app */ = {isa = PBXFileReference; explicitFileType = wrapper.application; includeInIndex = 0; path = YYXNavTab.app; sourceTree = BUILT_PRODUCTS_DIR; };
		62D91D5A1EB22181007B2E7C /* main.m */ = {isa = PBXFileReference; lastKnownFileType = sourcecode.c.objc; path = main.m; sourceTree = "<group>"; };
		62D91D5C1EB22181007B2E7C /* AppDelegate.h */ = {isa = PBXFileReference; lastKnownFileType = sourcecode.c.h; path = AppDelegate.h; sourceTree = "<group>"; };
		62D91D5D1EB22181007B2E7C /* AppDelegate.m */ = {isa = PBXFileReference; lastKnownFileType = sourcecode.c.objc; path = AppDelegate.m; sourceTree = "<group>"; };
		62D91D651EB22181007B2E7C /* Assets.xcassets */ = {isa = PBXFileReference; lastKnownFileType = folder.assetcatalog; path = Assets.xcassets; sourceTree = "<group>"; };
		62D91D681EB22181007B2E7C /* Base */ = {isa = PBXFileReference; lastKnownFileType = file.storyboard; name = Base; path = Base.lproj/LaunchScreen.storyboard; sourceTree = "<group>"; };
		62D91D6A1EB22181007B2E7C /* Info.plist */ = {isa = PBXFileReference; lastKnownFileType = text.plist.xml; path = Info.plist; sourceTree = "<group>"; };
		62D91D711EB22A6A007B2E7C /* TabItem.h */ = {isa = PBXFileReference; fileEncoding = 4; lastKnownFileType = sourcecode.c.h; path = TabItem.h; sourceTree = "<group>"; };
		62D91D721EB22A6A007B2E7C /* TabItem.m */ = {isa = PBXFileReference; fileEncoding = 4; lastKnownFileType = sourcecode.c.objc; path = TabItem.m; sourceTree = "<group>"; };
		62D91D741EB22A7E007B2E7C /* TabItem.plist */ = {isa = PBXFileReference; fileEncoding = 4; lastKnownFileType = text.plist.xml; path = TabItem.plist; sourceTree = "<group>"; };
		62FA11551EBABA7E0065EA99 /* YYXNavTabController.h */ = {isa = PBXFileReference; fileEncoding = 4; lastKnownFileType = sourcecode.c.h; path = YYXNavTabController.h; sourceTree = "<group>"; };
		62FA11561EBABA7E0065EA99 /* YYXNavTabController.m */ = {isa = PBXFileReference; fileEncoding = 4; lastKnownFileType = sourcecode.c.objc; path = YYXNavTabController.m; sourceTree = "<group>"; };
/* End PBXFileReference section */

/* Begin PBXFrameworksBuildPhase section */
		62D91D531EB22181007B2E7C /* Frameworks */ = {
			isa = PBXFrameworksBuildPhase;
			buildActionMask = 2147483647;
			files = (
			);
			runOnlyForDeploymentPostprocessing = 0;
		};
/* End PBXFrameworksBuildPhase section */

/* Begin PBXGroup section */
		62D91D4D1EB22181007B2E7C = {
			isa = PBXGroup;
			children = (
				62D91D581EB22181007B2E7C /* YYXNavTab */,
				62D91D571EB22181007B2E7C /* Products */,
			);
			sourceTree = "<group>";
		};
		62D91D571EB22181007B2E7C /* Products */ = {
			isa = PBXGroup;
			children = (
				62D91D561EB22181007B2E7C /* YYXNavTab.app */,
			);
			name = Products;
			sourceTree = "<group>";
		};
		62D91D581EB22181007B2E7C /* YYXNavTab */ = {
			isa = PBXGroup;
			children = (
				62D91D701EB22357007B2E7C /* YYXNavTab */,
				62D91D5C1EB22181007B2E7C /* AppDelegate.h */,
				62D91D5D1EB22181007B2E7C /* AppDelegate.m */,
				62D91D651EB22181007B2E7C /* Assets.xcassets */,
				62D91D671EB22181007B2E7C /* LaunchScreen.storyboard */,
				62D91D6A1EB22181007B2E7C /* Info.plist */,
				62D91D591EB22181007B2E7C /* Supporting Files */,
			);
			path = YYXNavTab;
			sourceTree = "<group>";
		};
		62D91D591EB22181007B2E7C /* Supporting Files */ = {
			isa = PBXGroup;
			children = (
				62D91D5A1EB22181007B2E7C /* main.m */,
			);
			name = "Supporting Files";
			sourceTree = "<group>";
		};
		62D91D701EB22357007B2E7C /* YYXNavTab */ = {
			isa = PBXGroup;
			children = (
				62D91D741EB22A7E007B2E7C /* TabItem.plist */,
				62D91D711EB22A6A007B2E7C /* TabItem.h */,
				62D91D721EB22A6A007B2E7C /* TabItem.m */,
				62FA11551EBABA7E0065EA99 /* YYXNavTabController.h */,
				62FA11561EBABA7E0065EA99 /* YYXNavTabController.m */,
			);
			path = YYXNavTab;
			sourceTree = "<group>";
		};
/* End PBXGroup section */

/* Begin PBXNativeTarget section */
		62D91D551EB22181007B2E7C /* YYXNavTab */ = {
			isa = PBXNativeTarget;
			buildConfigurationList = 62D91D6D1EB22181007B2E7C /* Build configuration list for PBXNativeTarget "YYXNavTab" */;
			buildPhases = (
				62D91D521EB22181007B2E7C /* Sources */,
				62D91D531EB22181007B2E7C /* Frameworks */,
				62D91D541EB22181007B2E7C /* Resources */,
			);
			buildRules = (
			);
			dependencies = (
			);
			name = YYXNavTab;
			productName = YYXNavTab;
			productReference = 62D91D561EB22181007B2E7C /* YYXNavTab.app */;
			productType = "com.apple.product-type.application";
		};
/* End PBXNativeTarget section */

/* Begin PBXProject section */
		62D91D4E1EB22181007B2E7C /* Project object */ = {
			isa = PBXProject;
			attributes = {
				LastUpgradeCheck = 0820;
				ORGANIZATIONNAME = yanyaxing;
				TargetAttributes = {
					62D91D551EB22181007B2E7C = {
						CreatedOnToolsVersion = 8.2.1;
						ProvisioningStyle = Automatic;
					};
				};
			};
			buildConfigurationList = 62D91D511EB22181007B2E7C /* Build configuration list for PBXProject "YYXNavTab" */;
			compatibilityVersion = "Xcode 3.2";
			developmentRegion = English;
			hasScannedForEncodings = 0;
			knownRegions = (
				en,
				Base,
			);
			mainGroup = 62D91D4D1EB22181007B2E7C;
			productRefGroup = 62D91D571EB22181007B2E7C /* Products */;
			projectDirPath = "";
			projectRoot = "";
			targets = (
				62D91D551EB22181007B2E7C /* YYXNavTab */,
			);
		};
/* End PBXProject section */

/* Begin PBXResourcesBuildPhase section */
		62D91D541EB22181007B2E7C /* Resources */ = {
			isa = PBXResourcesBuildPhase;
			buildActionMask = 2147483647;
			files = (
				62D91D691EB22181007B2E7C /* LaunchScreen.storyboard in Resources */,
				62D91D661EB22181007B2E7C /* Assets.xcassets in Resources */,
				62D91D751EB22A7E007B2E7C /* TabItem.plist in Resources */,
			);
			runOnlyForDeploymentPostprocessing = 0;
		};
/* End PBXResourcesBuildPhase section */

/* Begin PBXSourcesBuildPhase section */
		62D91D521EB22181007B2E7C /* Sources */ = {
			isa = PBXSourcesBuildPhase;
			buildActionMask = 2147483647;
			files = (
				62D91D731EB22A6A007B2E7C /* TabItem.m in Sources */,
				62D91D5E1EB22181007B2E7C /* AppDelegate.m in Sources */,
				62FA11571EBABA7E0065EA99 /* YYXNavTabController.m in Sources */,
				62D91D5B1EB22181007B2E7C /* main.m in Sources */,
			);
			runOnlyForDeploymentPostprocessing = 0;
		};
/* End PBXSourcesBuildPhase section */

/* Begin PBXVariantGroup section */
		62D91D671EB22181007B2E7C /* LaunchScreen.storyboard */ = {
			isa = PBXVariantGroup;
			children = (
				62D91D681EB22181007B2E7C /* Base */,
			);
			name = LaunchScreen.storyboard;
			sourceTree = "<group>";
		};
/* End PBXVariantGroup section */

/* Begin XCBuildConfiguration section */
		62D91D6B1EB22181007B2E7C /* Debug */ = {
			isa = XCBuildConfiguration;
			buildSettings = {
				ALWAYS_SEARCH_USER_PATHS = NO;
				CLANG_ANALYZER_NONNULL = YES;
				CLANG_CXX_LANGUAGE_STANDARD = "gnu++0x";
				CLANG_CXX_LIBRARY = "libc++";
				CLANG_ENABLE_MODULES = YES;
				CLANG_ENABLE_OBJC_ARC = YES;
				CLANG_WARN_BOOL_CONVERSION = YES;
				CLANG_WARN_CONSTANT_CONVERSION = YES;
				CLANG_WARN_DIRECT_OBJC_ISA_USAGE = YES_ERROR;
				CLANG_WARN_DOCUMENTATION_COMMENTS = YES;
				CLANG_WARN_EMPTY_BODY = YES;
				CLANG_WARN_ENUM_CONVERSION = YES;
				CLANG_WARN_INFINITE_RECURSION = YES;
				CLANG_WARN_INT_CONVERSION = YES;
				CLANG_WARN_OBJC_ROOT_CLASS = YES_ERROR;
				CLANG_WARN_SUSPICIOUS_MOVE = YES;
				CLANG_WARN_UNREACHABLE_CODE = YES;
				CLANG_WARN__DUPLICATE_METHOD_MATCH = YES;
				"CODE_SIGN_IDENTITY[sdk=iphoneos*]" = "iPhone Developer";
				COPY_PHASE_STRIP = NO;
				DEBUG_INFORMATION_FORMAT = dwarf;
				ENABLE_STRICT_OBJC_MSGSEND = YES;
				ENABLE_TESTABILITY = YES;
				GCC_C_LANGUAGE_STANDARD = gnu99;
				GCC_DYNAMIC_NO_PIC = NO;
				GCC_NO_COMMON_BLOCKS = YES;
				GCC_OPTIMIZATION_LEVEL = 0;
				GCC_PREPROCESSOR_DEFINITIONS = (
					"DEBUG=1",
					"$(inherited)",
				);
				GCC_WARN_64_TO_32_BIT_CONVERSION = YES;
				GCC_WARN_ABOUT_RETURN_TYPE = YES_ERROR;
				GCC_WARN_UNDECLARED_SELECTOR = YES;
				GCC_WARN_UNINITIALIZED_AUTOS = YES_AGGRESSIVE;
				GCC_WARN_UNUSED_FUNCTION = YES;
				GCC_WARN_UNUSED_VARIABLE = YES;
				IPHONEOS_DEPLOYMENT_TARGET = 10.2;
				MTL_ENABLE_DEBUG_INFO = YES;
				ONLY_ACTIVE_ARCH = YES;
				SDKROOT = iphoneos;
			};
			name = Debug;
		};
		62D91D6C1EB22181007B2E7C /* Release */ = {
			isa = XCBuildConfiguration;
			buildSettings = {
				ALWAYS_SEARCH_USER_PATHS = NO;
				CLANG_ANALYZER_NONNULL = YES;
				CLANG_CXX_LANGUAGE_STANDARD = "gnu++0x";
				CLANG_CXX_LIBRARY = "libc++";
				CLANG_ENABLE_MODULES = YES;
				CLANG_ENABLE_OBJC_ARC = YES;
				CLANG_WARN_BOOL_CONVERSION = YES;
				CLANG_WARN_CONSTANT_CONVERSION = YES;
				CLANG_WARN_DIRECT_OBJC_ISA_USAGE = YES_ERROR;
				CLANG_WARN_DOCUMENTATION_COMMENTS = YES;
				CLANG_WARN_EMPTY_BODY = YES;
				CLANG_WARN_ENUM_CONVERSION = YES;
				CLANG_WARN_INFINITE_RECURSION = YES;
				CLANG_WARN_INT_CONVERSION = YES;
				CLANG_WARN_OBJC_ROOT_CLASS = YES_ERROR;
				CLANG_WARN_SUSPICIOUS_MOVE = YES;
				CLANG_WARN_UNREACHABLE_CODE = YES;
				CLANG_WARN__DUPLICATE_METHOD_MATCH = YES;
				"CODE_SIGN_IDENTITY[sdk=iphoneos*]" = "iPhone Developer";
				COPY_PHASE_STRIP = NO;
				DEBUG_INFORMATION_FORMAT = "dwarf-with-dsym";
				ENABLE_NS_ASSERTIONS = NO;
				ENABLE_STRICT_OBJC_MSGSEND = YES;
				GCC_C_LANGUAGE_STANDARD = gnu99;
				GCC_NO_COMMON_BLOCKS = YES;
				GCC_WARN_64_TO_32_BIT_CONVERSION = YES;
				GCC_WARN_ABOUT_RETURN_TYPE = YES_ERROR;
				GCC_WARN_UNDECLARED_SELECTOR = YES;
				GCC_WARN_UNINITIALIZED_AUTOS = YES_AGGRESSIVE;
				GCC_WARN_UNUSED_FUNCTION = YES;
				GCC_WARN_UNUSED_VARIABLE = YES;
				IPHONEOS_DEPLOYMENT_TARGET = 10.2;
				MTL_ENABLE_DEBUG_INFO = NO;
				SDKROOT = iphoneos;
				VALIDATE_PRODUCT = YES;
			};
			name = Release;
		};
		62D91D6E1EB22181007B2E7C /* Debug */ = {
			isa = XCBuildConfiguration;
			buildSettings = {
				ASSETCATALOG_COMPILER_APPICON_NAME = AppIcon;
				INFOPLIST_FILE = YYXNavTab/Info.plist;
				LD_RUNPATH_SEARCH_PATHS = "$(inherited) @executable_path/Frameworks";
				PRODUCT_BUNDLE_IDENTIFIER = com.67g8.YYXNavTab;
				PRODUCT_NAME = "$(TARGET_NAME)";
			};
			name = Debug;
		};
		62D91D6F1EB22181007B2E7C /* Release */ = {
			isa = XCBuildConfiguration;
			buildSettings = {
				ASSETCATALOG_COMPILER_APPICON_NAME = AppIcon;
				INFOPLIST_FILE = YYXNavTab/Info.plist;
				LD_RUNPATH_SEARCH_PATHS = "$(inherited) @executable_path/Frameworks";
				PRODUCT_BUNDLE_IDENTIFIER = com.67g8.YYXNavTab;
				PRODUCT_NAME = "$(TARGET_NAME)";
			};
			name = Release;
		};
/* End XCBuildConfiguration section */

/* Begin XCConfigurationList section */
		62D91D511EB22181007B2E7C /* Build configuration list for PBXProject "YYXNavTab" */ = {
			isa = XCConfigurationList;
			buildConfigurations = (
				62D91D6B1EB22181007B2E7C /* Debug */,
				62D91D6C1EB22181007B2E7C /* Release */,
			);
			defaultConfigurationIsVisible = 0;
			defaultConfigurationName = Release;
		};
		62D91D6D1EB22181007B2E7C /* Build configuration list for PBXNativeTarget "YYXNavTab" */ = {
			isa = XCConfigurationList;
			buildConfigurations = (
				62D91D6E1EB22181007B2E7C /* Debug */,
				62D91D6F1EB22181007B2E7C /* Release */,
			);
			defaultConfigurationIsVisible = 0;
			defaultConfigurationName = Release;
		};
/* End XCConfigurationList section */
	};
	rootObject = 62D91D4E1EB22181007B2E7C /* Project object */;
}
